// !$*UTF8*$!
{
	archiveVersion = 1;
	classes = {
	};
	objectVersion = 51;
	objects = {

/* Begin PBXBuildFile section */
		4165FC995FDB0D161332475D /* Pods_Flix.framework in Frameworks */ = {isa = PBXBuildFile; fileRef = B54D9C6CC9E8592D1DB3F263 /* Pods_Flix.framework */; };
		7B8E3CBE762561ADD53FA85D /* Pods_FlixTests.framework in Frameworks */ = {isa = PBXBuildFile; fileRef = 2E470FABAF7EE20902F4174D /* Pods_FlixTests.framework */; };
		A32D9CF023ED0BC40016A2C3 /* MovieDetailViewController.swift in Sources */ = {isa = PBXBuildFile; fileRef = A32D9CEF23ED0BC40016A2C3 /* MovieDetailViewController.swift */; };
		A32D9CF223ED13A20016A2C3 /* MovieGridViewController.swift in Sources */ = {isa = PBXBuildFile; fileRef = A32D9CF123ED13A20016A2C3 /* MovieGridViewController.swift */; };
		A32D9CF423ED184E0016A2C3 /* MovieGridCell.swift in Sources */ = {isa = PBXBuildFile; fileRef = A32D9CF323ED184E0016A2C3 /* MovieGridCell.swift */; };
		A3B1BBFA23E3D5AF00097D09 /* AppDelegate.swift in Sources */ = {isa = PBXBuildFile; fileRef = A3B1BBF923E3D5AF00097D09 /* AppDelegate.swift */; };
		A3B1BBFC23E3D5AF00097D09 /* SceneDelegate.swift in Sources */ = {isa = PBXBuildFile; fileRef = A3B1BBFB23E3D5AF00097D09 /* SceneDelegate.swift */; };
		A3B1BC0123E3D5AF00097D09 /* Main.storyboard in Resources */ = {isa = PBXBuildFile; fileRef = A3B1BBFF23E3D5AF00097D09 /* Main.storyboard */; };
		A3B1BC0323E3D5B300097D09 /* Assets.xcassets in Resources */ = {isa = PBXBuildFile; fileRef = A3B1BC0223E3D5B300097D09 /* Assets.xcassets */; };
		A3B1BC0623E3D5B300097D09 /* LaunchScreen.storyboard in Resources */ = {isa = PBXBuildFile; fileRef = A3B1BC0423E3D5B300097D09 /* LaunchScreen.storyboard */; };
		A3B1BC1123E3D5B300097D09 /* FlixTests.swift in Sources */ = {isa = PBXBuildFile; fileRef = A3B1BC1023E3D5B300097D09 /* FlixTests.swift */; };
		A3B1BC1C23E3D5B300097D09 /* FlixUITests.swift in Sources */ = {isa = PBXBuildFile; fileRef = A3B1BC1B23E3D5B300097D09 /* FlixUITests.swift */; };
		A3B1BC3023E534C000097D09 /* MovieViewController.swift in Sources */ = {isa = PBXBuildFile; fileRef = A3B1BC2F23E534C000097D09 /* MovieViewController.swift */; };
		A3B1BC3223E539FC00097D09 /* MovieCell.swift in Sources */ = {isa = PBXBuildFile; fileRef = A3B1BC3123E539FC00097D09 /* MovieCell.swift */; };
		D2C60FEAD7810088371956E2 /* Pods_Flix_FlixUITests.framework in Frameworks */ = {isa = PBXBuildFile; fileRef = E6C479FFA484A7615CFD3DA9 /* Pods_Flix_FlixUITests.framework */; };
/* End PBXBuildFile section */

/* Begin PBXContainerItemProxy section */
		A3B1BC0D23E3D5B300097D09 /* PBXContainerItemProxy */ = {
			isa = PBXContainerItemProxy;
			containerPortal = A3B1BBEE23E3D5AF00097D09 /* Project object */;
			proxyType = 1;
			remoteGlobalIDString = A3B1BBF523E3D5AF00097D09;
			remoteInfo = Flix;
		};
		A3B1BC1823E3D5B300097D09 /* PBXContainerItemProxy */ = {
			isa = PBXContainerItemProxy;
			containerPortal = A3B1BBEE23E3D5AF00097D09 /* Project object */;
			proxyType = 1;
			remoteGlobalIDString = A3B1BBF523E3D5AF00097D09;
			remoteInfo = Flix;
		};
/* End PBXContainerItemProxy section */

/* Begin PBXFileReference section */
		2E470FABAF7EE20902F4174D /* Pods_FlixTests.framework */ = {isa = PBXFileReference; explicitFileType = wrapper.framework; includeInIndex = 0; path = Pods_FlixTests.framework; sourceTree = BUILT_PRODUCTS_DIR; };
		7C20F4DB26E6069DB4DFA04D /* Pods-Flix.debug.xcconfig */ = {isa = PBXFileReference; includeInIndex = 1; lastKnownFileType = text.xcconfig; name = "Pods-Flix.debug.xcconfig"; path = "Target Support Files/Pods-Flix/Pods-Flix.debug.xcconfig"; sourceTree = "<group>"; };
		847A8E99A11C8A3BBC6EF71F /* Pods-Flix-FlixUITests.release.xcconfig */ = {isa = PBXFileReference; includeInIndex = 1; lastKnownFileType = text.xcconfig; name = "Pods-Flix-FlixUITests.release.xcconfig"; path = "Target Support Files/Pods-Flix-FlixUITests/Pods-Flix-FlixUITests.release.xcconfig"; sourceTree = "<group>"; };
		A32D9CEF23ED0BC40016A2C3 /* MovieDetailViewController.swift */ = {isa = PBXFileReference; lastKnownFileType = sourcecode.swift; path = MovieDetailViewController.swift; sourceTree = "<group>"; };
		A32D9CF123ED13A20016A2C3 /* MovieGridViewController.swift */ = {isa = PBXFileReference; lastKnownFileType = sourcecode.swift; path = MovieGridViewController.swift; sourceTree = "<group>"; };
		A32D9CF323ED184E0016A2C3 /* MovieGridCell.swift */ = {isa = PBXFileReference; lastKnownFileType = sourcecode.swift; path = MovieGridCell.swift; sourceTree = "<group>"; };
		A3B1BBF623E3D5AF00097D09 /* Flix.app */ = {isa = PBXFileReference; explicitFileType = wrapper.application; includeInIndex = 0; path = Flix.app; sourceTree = BUILT_PRODUCTS_DIR; };
		A3B1BBF923E3D5AF00097D09 /* AppDelegate.swift */ = {isa = PBXFileReference; lastKnownFileType = sourcecode.swift; path = AppDelegate.swift; sourceTree = "<group>"; };
		A3B1BBFB23E3D5AF00097D09 /* SceneDelegate.swift */ = {isa = PBXFileReference; lastKnownFileType = sourcecode.swift; path = SceneDelegate.swift; sourceTree = "<group>"; };
		A3B1BC0023E3D5AF00097D09 /* Base */ = {isa = PBXFileReference; lastKnownFileType = file.storyboard; name = Base; path = Base.lproj/Main.storyboard; sourceTree = "<group>"; };
		A3B1BC0223E3D5B300097D09 /* Assets.xcassets */ = {isa = PBXFileReference; lastKnownFileType = folder.assetcatalog; path = Assets.xcassets; sourceTree = "<group>"; };
		A3B1BC0523E3D5B300097D09 /* Base */ = {isa = PBXFileReference; lastKnownFileType = file.storyboard; name = Base; path = Base.lproj/LaunchScreen.storyboard; sourceTree = "<group>"; };
		A3B1BC0723E3D5B300097D09 /* Info.plist */ = {isa = PBXFileReference; lastKnownFileType = text.plist.xml; path = Info.plist; sourceTree = "<group>"; };
		A3B1BC0C23E3D5B300097D09 /* FlixTests.xctest */ = {isa = PBXFileReference; explicitFileType = wrapper.cfbundle; includeInIndex = 0; path = FlixTests.xctest; sourceTree = BUILT_PRODUCTS_DIR; };
		A3B1BC1023E3D5B300097D09 /* FlixTests.swift */ = {isa = PBXFileReference; lastKnownFileType = sourcecode.swift; path = FlixTests.swift; sourceTree = "<group>"; };
		A3B1BC1223E3D5B300097D09 /* Info.plist */ = {isa = PBXFileReference; lastKnownFileType = text.plist.xml; path = Info.plist; sourceTree = "<group>"; };
		A3B1BC1723E3D5B300097D09 /* FlixUITests.xctest */ = {isa = PBXFileReference; explicitFileType = wrapper.cfbundle; includeInIndex = 0; path = FlixUITests.xctest; sourceTree = BUILT_PRODUCTS_DIR; };
		A3B1BC1B23E3D5B300097D09 /* FlixUITests.swift */ = {isa = PBXFileReference; lastKnownFileType = sourcecode.swift; path = FlixUITests.swift; sourceTree = "<group>"; };
		A3B1BC1D23E3D5B300097D09 /* Info.plist */ = {isa = PBXFileReference; lastKnownFileType = text.plist.xml; path = Info.plist; sourceTree = "<group>"; };
		A3B1BC2F23E534C000097D09 /* MovieViewController.swift */ = {isa = PBXFileReference; lastKnownFileType = sourcecode.swift; name = MovieViewController.swift; path = "/Users/pernilledahl/Desktop/CSUMB/CST495-ios/Flix/Flix/MovieViewController.swift"; sourceTree = "<absolute>"; };
		A3B1BC3123E539FC00097D09 /* MovieCell.swift */ = {isa = PBXFileReference; lastKnownFileType = sourcecode.swift; path = MovieCell.swift; sourceTree = "<group>"; };
		A7CEB0D478B5803F74008068 /* Pods-Flix.release.xcconfig */ = {isa = PBXFileReference; includeInIndex = 1; lastKnownFileType = text.xcconfig; name = "Pods-Flix.release.xcconfig"; path = "Target Support Files/Pods-Flix/Pods-Flix.release.xcconfig"; sourceTree = "<group>"; };
		AD9F07354246CCB94A3A3D63 /* Pods-Flix-FlixUITests.debug.xcconfig */ = {isa = PBXFileReference; includeInIndex = 1; lastKnownFileType = text.xcconfig; name = "Pods-Flix-FlixUITests.debug.xcconfig"; path = "Target Support Files/Pods-Flix-FlixUITests/Pods-Flix-FlixUITests.debug.xcconfig"; sourceTree = "<group>"; };
		AFFBCC7DA976A20ED638ECAB /* Pods-FlixTests.release.xcconfig */ = {isa = PBXFileReference; includeInIndex = 1; lastKnownFileType = text.xcconfig; name = "Pods-FlixTests.release.xcconfig"; path = "Target Support Files/Pods-FlixTests/Pods-FlixTests.release.xcconfig"; sourceTree = "<group>"; };
		B54D9C6CC9E8592D1DB3F263 /* Pods_Flix.framework */ = {isa = PBXFileReference; explicitFileType = wrapper.framework; includeInIndex = 0; path = Pods_Flix.framework; sourceTree = BUILT_PRODUCTS_DIR; };
		E6C479FFA484A7615CFD3DA9 /* Pods_Flix_FlixUITests.framework */ = {isa = PBXFileReference; explicitFileType = wrapper.framework; includeInIndex = 0; path = Pods_Flix_FlixUITests.framework; sourceTree = BUILT_PRODUCTS_DIR; };
		EF0BD06D5BA35BBA3E56F4FA /* Pods-FlixTests.debug.xcconfig */ = {isa = PBXFileReference; includeInIndex = 1; lastKnownFileType = text.xcconfig; name = "Pods-FlixTests.debug.xcconfig"; path = "Target Support Files/Pods-FlixTests/Pods-FlixTests.debug.xcconfig"; sourceTree = "<group>"; };
/* End PBXFileReference section */

/* Begin PBXFrameworksBuildPhase section */
		A3B1BBF323E3D5AF00097D09 /* Frameworks */ = {
			isa = PBXFrameworksBuildPhase;
			buildActionMask = 2147483647;
			files = (
				4165FC995FDB0D161332475D /* Pods_Flix.framework in Frameworks */,
			);
			runOnlyForDeploymentPostprocessing = 0;
		};
		A3B1BC0923E3D5B300097D09 /* Frameworks */ = {
			isa = PBXFrameworksBuildPhase;
			buildActionMask = 2147483647;
			files = (
				7B8E3CBE762561ADD53FA85D /* Pods_FlixTests.framework in Frameworks */,
			);
			runOnlyForDeploymentPostprocessing = 0;
		};
		A3B1BC1423E3D5B300097D09 /* Frameworks */ = {
			isa = PBXFrameworksBuildPhase;
			buildActionMask = 2147483647;
			files = (
				D2C60FEAD7810088371956E2 /* Pods_Flix_FlixUITests.framework in Frameworks */,
			);
			runOnlyForDeploymentPostprocessing = 0;
		};
/* End PBXFrameworksBuildPhase section */

/* Begin PBXGroup section */
		A0E096DC60E2177DF819BC11 /* Pods */ = {
			isa = PBXGroup;
			children = (
				7C20F4DB26E6069DB4DFA04D /* Pods-Flix.debug.xcconfig */,
				A7CEB0D478B5803F74008068 /* Pods-Flix.release.xcconfig */,
				AD9F07354246CCB94A3A3D63 /* Pods-Flix-FlixUITests.debug.xcconfig */,
				847A8E99A11C8A3BBC6EF71F /* Pods-Flix-FlixUITests.release.xcconfig */,
				EF0BD06D5BA35BBA3E56F4FA /* Pods-FlixTests.debug.xcconfig */,
				AFFBCC7DA976A20ED638ECAB /* Pods-FlixTests.release.xcconfig */,
			);
			path = Pods;
			sourceTree = "<group>";
		};
		A3B1BBED23E3D5AF00097D09 = {
			isa = PBXGroup;
			children = (
				A3B1BBF823E3D5AF00097D09 /* Flix */,
				A3B1BC0F23E3D5B300097D09 /* FlixTests */,
				A3B1BC1A23E3D5B300097D09 /* FlixUITests */,
				A3B1BBF723E3D5AF00097D09 /* Products */,
				A0E096DC60E2177DF819BC11 /* Pods */,
				D9F056B7CA8C085F749672ED /* Frameworks */,
			);
			sourceTree = "<group>";
		};
		A3B1BBF723E3D5AF00097D09 /* Products */ = {
			isa = PBXGroup;
			children = (
				A3B1BBF623E3D5AF00097D09 /* Flix.app */,
				A3B1BC0C23E3D5B300097D09 /* FlixTests.xctest */,
				A3B1BC1723E3D5B300097D09 /* FlixUITests.xctest */,
			);
			name = Products;
			sourceTree = "<group>";
		};
		A3B1BBF823E3D5AF00097D09 /* Flix */ = {
			isa = PBXGroup;
			children = (
				A3B1BBF923E3D5AF00097D09 /* AppDelegate.swift */,
				A3B1BC2F23E534C000097D09 /* MovieViewController.swift */,
				A32D9CF123ED13A20016A2C3 /* MovieGridViewController.swift */,
				A3B1BBFB23E3D5AF00097D09 /* SceneDelegate.swift */,
				A3B1BBFF23E3D5AF00097D09 /* Main.storyboard */,
				A32D9CF323ED184E0016A2C3 /* MovieGridCell.swift */,
				A3B1BC3123E539FC00097D09 /* MovieCell.swift */,
				A3B1BC0223E3D5B300097D09 /* Assets.xcassets */,
				A3B1BC0423E3D5B300097D09 /* LaunchScreen.storyboard */,
				A3B1BC0723E3D5B300097D09 /* Info.plist */,
				A32D9CEF23ED0BC40016A2C3 /* MovieDetailViewController.swift */,
			);
			path = Flix;
			sourceTree = "<group>";
		};
		A3B1BC0F23E3D5B300097D09 /* FlixTests */ = {
			isa = PBXGroup;
			children = (
				A3B1BC1023E3D5B300097D09 /* FlixTests.swift */,
				A3B1BC1223E3D5B300097D09 /* Info.plist */,
			);
			path = FlixTests;
			sourceTree = "<group>";
		};
		A3B1BC1A23E3D5B300097D09 /* FlixUITests */ = {
			isa = PBXGroup;
			children = (
				A3B1BC1B23E3D5B300097D09 /* FlixUITests.swift */,
				A3B1BC1D23E3D5B300097D09 /* Info.plist */,
			);
			path = FlixUITests;
			sourceTree = "<group>";
		};
		D9F056B7CA8C085F749672ED /* Frameworks */ = {
			isa = PBXGroup;
			children = (
				B54D9C6CC9E8592D1DB3F263 /* Pods_Flix.framework */,
				E6C479FFA484A7615CFD3DA9 /* Pods_Flix_FlixUITests.framework */,
				2E470FABAF7EE20902F4174D /* Pods_FlixTests.framework */,
			);
			name = Frameworks;
			sourceTree = "<group>";
		};
/* End PBXGroup section */

/* Begin PBXNativeTarget section */
		A3B1BBF523E3D5AF00097D09 /* Flix */ = {
			isa = PBXNativeTarget;
			buildConfigurationList = A3B1BC2023E3D5B300097D09 /* Build configuration list for PBXNativeTarget "Flix" */;
			buildPhases = (
				475BC749E17DC99D265DAD80 /* [CP] Check Pods Manifest.lock */,
				A3B1BBF223E3D5AF00097D09 /* Sources */,
				A3B1BBF323E3D5AF00097D09 /* Frameworks */,
				A3B1BBF423E3D5AF00097D09 /* Resources */,
				044085B93490C023B1B7AC0D /* [CP] Embed Pods Frameworks */,
			);
			buildRules = (
			);
			dependencies = (
			);
			name = Flix;
			productName = Flix;
			productReference = A3B1BBF623E3D5AF00097D09 /* Flix.app */;
			productType = "com.apple.product-type.application";
		};
		A3B1BC0B23E3D5B300097D09 /* FlixTests */ = {
			isa = PBXNativeTarget;
			buildConfigurationList = A3B1BC2323E3D5B300097D09 /* Build configuration list for PBXNativeTarget "FlixTests" */;
			buildPhases = (
				A6F3662B57EB8C0E10388D37 /* [CP] Check Pods Manifest.lock */,
				A3B1BC0823E3D5B300097D09 /* Sources */,
				A3B1BC0923E3D5B300097D09 /* Frameworks */,
				A3B1BC0A23E3D5B300097D09 /* Resources */,
			);
			buildRules = (
			);
			dependencies = (
				A3B1BC0E23E3D5B300097D09 /* PBXTargetDependency */,
			);
			name = FlixTests;
			productName = FlixTests;
			productReference = A3B1BC0C23E3D5B300097D09 /* FlixTests.xctest */;
			productType = "com.apple.product-type.bundle.unit-test";
		};
		A3B1BC1623E3D5B300097D09 /* FlixUITests */ = {
			isa = PBXNativeTarget;
			buildConfigurationList = A3B1BC2623E3D5B300097D09 /* Build configuration list for PBXNativeTarget "FlixUITests" */;
			buildPhases = (
				978DA354E88E5BCF129142F6 /* [CP] Check Pods Manifest.lock */,
				A3B1BC1323E3D5B300097D09 /* Sources */,
				A3B1BC1423E3D5B300097D09 /* Frameworks */,
				A3B1BC1523E3D5B300097D09 /* Resources */,
				502A635DFBC24D0DB50C527D /* [CP] Embed Pods Frameworks */,
			);
			buildRules = (
			);
			dependencies = (
				A3B1BC1923E3D5B300097D09 /* PBXTargetDependency */,
			);
			name = FlixUITests;
			productName = FlixUITests;
			productReference = A3B1BC1723E3D5B300097D09 /* FlixUITests.xctest */;
			productType = "com.apple.product-type.bundle.ui-testing";
		};
/* End PBXNativeTarget section */

/* Begin PBXProject section */
		A3B1BBEE23E3D5AF00097D09 /* Project object */ = {
			isa = PBXProject;
			attributes = {
				LastSwiftUpdateCheck = 1130;
				LastUpgradeCheck = 1130;
				ORGANIZATIONNAME = "Pernille Dahl";
				TargetAttributes = {
					A3B1BBF523E3D5AF00097D09 = {
						CreatedOnToolsVersion = 11.3.1;
					};
					A3B1BC0B23E3D5B300097D09 = {
						CreatedOnToolsVersion = 11.3.1;
						TestTargetID = A3B1BBF523E3D5AF00097D09;
					};
					A3B1BC1623E3D5B300097D09 = {
						CreatedOnToolsVersion = 11.3.1;
						TestTargetID = A3B1BBF523E3D5AF00097D09;
					};
				};
			};
			buildConfigurationList = A3B1BBF123E3D5AF00097D09 /* Build configuration list for PBXProject "Flix" */;
			compatibilityVersion = "Xcode 9.3";
			developmentRegion = en;
			hasScannedForEncodings = 0;
			knownRegions = (
				en,
				Base,
			);
			mainGroup = A3B1BBED23E3D5AF00097D09;
			productRefGroup = A3B1BBF723E3D5AF00097D09 /* Products */;
			projectDirPath = "";
			projectRoot = "";
			targets = (
				A3B1BBF523E3D5AF00097D09 /* Flix */,
				A3B1BC0B23E3D5B300097D09 /* FlixTests */,
				A3B1BC1623E3D5B300097D09 /* FlixUITests */,
			);
		};
/* End PBXProject section */

/* Begin PBXResourcesBuildPhase section */
		A3B1BBF423E3D5AF00097D09 /* Resources */ = {
			isa = PBXResourcesBuildPhase;
			buildActionMask = 2147483647;
			files = (
				A3B1BC0623E3D5B300097D09 /* LaunchScreen.storyboard in Resources */,
				A3B1BC0323E3D5B300097D09 /* Assets.xcassets in Resources */,
				A3B1BC0123E3D5AF00097D09 /* Main.storyboard in Resources */,
			);
			runOnlyForDeploymentPostprocessing = 0;
		};
		A3B1BC0A23E3D5B300097D09 /* Resources */ = {
			isa = PBXResourcesBuildPhase;
			buildActionMask = 2147483647;
			files = (
			);
			runOnlyForDeploymentPostprocessing = 0;
		};
		A3B1BC1523E3D5B300097D09 /* Resources */ = {
			isa = PBXResourcesBuildPhase;
			buildActionMask = 2147483647;
			files = (
			);
			runOnlyForDeploymentPostprocessing = 0;
		};
/* End PBXResourcesBuildPhase section */

/* Begin PBXShellScriptBuildPhase section */
		044085B93490C023B1B7AC0D /* [CP] Embed Pods Frameworks */ = {
			isa = PBXShellScriptBuildPhase;
			buildActionMask = 2147483647;
			files = (
			);
			inputFileListPaths = (
				"${PODS_ROOT}/Target Support Files/Pods-Flix/Pods-Flix-frameworks-${CONFIGURATION}-input-files.xcfilelist",
			);
			name = "[CP] Embed Pods Frameworks";
			outputFileListPaths = (
				"${PODS_ROOT}/Target Support Files/Pods-Flix/Pods-Flix-frameworks-${CONFIGURATION}-output-files.xcfilelist",
			);
			runOnlyForDeploymentPostprocessing = 0;
			shellPath = /bin/sh;
			shellScript = "\"${PODS_ROOT}/Target Support Files/Pods-Flix/Pods-Flix-frameworks.sh\"\n";
			showEnvVarsInLog = 0;
		};
		475BC749E17DC99D265DAD80 /* [CP] Check Pods Manifest.lock */ = {
			isa = PBXShellScriptBuildPhase;
			buildActionMask = 2147483647;
			files = (
			);
			inputFileListPaths = (
			);
			inputPaths = (
				"${PODS_PODFILE_DIR_PATH}/Podfile.lock",
				"${PODS_ROOT}/Manifest.lock",
			);
			name = "[CP] Check Pods Manifest.lock";
			outputFileListPaths = (
			);
			outputPaths = (
				"$(DERIVED_FILE_DIR)/Pods-Flix-checkManifestLockResult.txt",
			);
			runOnlyForDeploymentPostprocessing = 0;
			shellPath = /bin/sh;
			shellScript = "diff \"${PODS_PODFILE_DIR_PATH}/Podfile.lock\" \"${PODS_ROOT}/Manifest.lock\" > /dev/null\nif [ $? != 0 ] ; then\n    # print error to STDERR\n    echo \"error: The sandbox is not in sync with the Podfile.lock. Run 'pod install' or update your CocoaPods installation.\" >&2\n    exit 1\nfi\n# This output is used by Xcode 'outputs' to avoid re-running this script phase.\necho \"SUCCESS\" > \"${SCRIPT_OUTPUT_FILE_0}\"\n";
			showEnvVarsInLog = 0;
		};
		502A635DFBC24D0DB50C527D /* [CP] Embed Pods Frameworks */ = {
			isa = PBXShellScriptBuildPhase;
			buildActionMask = 2147483647;
			files = (
			);
			inputFileListPaths = (
				"${PODS_ROOT}/Target Support Files/Pods-Flix-FlixUITests/Pods-Flix-FlixUITests-frameworks-${CONFIGURATION}-input-files.xcfilelist",
			);
			name = "[CP] Embed Pods Frameworks";
			outputFileListPaths = (
				"${PODS_ROOT}/Target Support Files/Pods-Flix-FlixUITests/Pods-Flix-FlixUITests-frameworks-${CONFIGURATION}-output-files.xcfilelist",
			);
			runOnlyForDeploymentPostprocessing = 0;
			shellPath = /bin/sh;
			shellScript = "\"${PODS_ROOT}/Target Support Files/Pods-Flix-FlixUITests/Pods-Flix-FlixUITests-frameworks.sh\"\n";
			showEnvVarsInLog = 0;
		};
		978DA354E88E5BCF129142F6 /* [CP] Check Pods Manifest.lock */ = {
			isa = PBXShellScriptBuildPhase;
			buildActionMask = 2147483647;
			files = (
			);
			inputFileListPaths = (
			);
			inputPaths = (
				"${PODS_PODFILE_DIR_PATH}/Podfile.lock",
				"${PODS_ROOT}/Manifest.lock",
			);
			name = "[CP] Check Pods Manifest.lock";
			outputFileListPaths = (
			);
			outputPaths = (
				"$(DERIVED_FILE_DIR)/Pods-Flix-FlixUITests-checkManifestLockResult.txt",
			);
			runOnlyForDeploymentPostprocessing = 0;
			shellPath = /bin/sh;
			shellScript = "diff \"${PODS_PODFILE_DIR_PATH}/Podfile.lock\" \"${PODS_ROOT}/Manifest.lock\" > /dev/null\nif [ $? != 0 ] ; then\n    # print error to STDERR\n    echo \"error: The sandbox is not in sync with the Podfile.lock. Run 'pod install' or update your CocoaPods installation.\" >&2\n    exit 1\nfi\n# This output is used by Xcode 'outputs' to avoid re-running this script phase.\necho \"SUCCESS\" > \"${SCRIPT_OUTPUT_FILE_0}\"\n";
			showEnvVarsInLog = 0;
		};
		A6F3662B57EB8C0E10388D37 /* [CP] Check Pods Manifest.lock */ = {
			isa = PBXShellScriptBuildPhase;
			buildActionMask = 2147483647;
			files = (
			);
			inputFileListPaths = (
			);
			inputPaths = (
				"${PODS_PODFILE_DIR_PATH}/Podfile.lock",
				"${PODS_ROOT}/Manifest.lock",
			);
			name = "[CP] Check Pods Manifest.lock";
			outputFileListPaths = (
			);
			outputPaths = (
				"$(DERIVED_FILE_DIR)/Pods-FlixTests-checkManifestLockResult.txt",
			);
			runOnlyForDeploymentPostprocessing = 0;
			shellPath = /bin/sh;
			shellScript = "diff \"${PODS_PODFILE_DIR_PATH}/Podfile.lock\" \"${PODS_ROOT}/Manifest.lock\" > /dev/null\nif [ $? != 0 ] ; then\n    # print error to STDERR\n    echo \"error: The sandbox is not in sync with the Podfile.lock. Run 'pod install' or update your CocoaPods installation.\" >&2\n    exit 1\nfi\n# This output is used by Xcode 'outputs' to avoid re-running this script phase.\necho \"SUCCESS\" > \"${SCRIPT_OUTPUT_FILE_0}\"\n";
			showEnvVarsInLog = 0;
		};
/* End PBXShellScriptBuildPhase section */

/* Begin PBXSourcesBuildPhase section */
		A3B1BBF223E3D5AF00097D09 /* Sources */ = {
			isa = PBXSourcesBuildPhase;
			buildActionMask = 2147483647;
			files = (
				A3B1BBFA23E3D5AF00097D09 /* AppDelegate.swift in Sources */,
				A32D9CF023ED0BC40016A2C3 /* MovieDetailViewController.swift in Sources */,
				A3B1BBFC23E3D5AF00097D09 /* SceneDelegate.swift in Sources */,
				A3B1BC3223E539FC00097D09 /* MovieCell.swift in Sources */,
				A3B1BC3023E534C000097D09 /* MovieViewController.swift in Sources */,
				A32D9CF223ED13A20016A2C3 /* MovieGridViewController.swift in Sources */,
				A32D9CF423ED184E0016A2C3 /* MovieGridCell.swift in Sources */,
			);
			runOnlyForDeploymentPostprocessing = 0;
		};
		A3B1BC0823E3D5B300097D09 /* Sources */ = {
			isa = PBXSourcesBuildPhase;
			buildActionMask = 2147483647;
			files = (
				A3B1BC1123E3D5B300097D09 /* FlixTests.swift in Sources */,
			);
			runOnlyForDeploymentPostprocessing = 0;
		};
		A3B1BC1323E3D5B300097D09 /* Sources */ = {
			isa = PBXSourcesBuildPhase;
			buildActionMask = 2147483647;
			files = (
				A3B1BC1C23E3D5B300097D09 /* FlixUITests.swift in Sources */,
			);
			runOnlyForDeploymentPostprocessing = 0;
		};
/* End PBXSourcesBuildPhase section */

/* Begin PBXTargetDependency section */
		A3B1BC0E23E3D5B300097D09 /* PBXTargetDependency */ = {
			isa = PBXTargetDependency;
			target = A3B1BBF523E3D5AF00097D09 /* Flix */;
			targetProxy = A3B1BC0D23E3D5B300097D09 /* PBXContainerItemProxy */;
		};
		A3B1BC1923E3D5B300097D09 /* PBXTargetDependency */ = {
			isa = PBXTargetDependency;
			target = A3B1BBF523E3D5AF00097D09 /* Flix */;
			targetProxy = A3B1BC1823E3D5B300097D09 /* PBXContainerItemProxy */;
		};
/* End PBXTargetDependency section */

/* Begin PBXVariantGroup section */
		A3B1BBFF23E3D5AF00097D09 /* Main.storyboard */ = {
			isa = PBXVariantGroup;
			children = (
				A3B1BC0023E3D5AF00097D09 /* Base */,
			);
			name = Main.storyboard;
			sourceTree = "<group>";
		};
		A3B1BC0423E3D5B300097D09 /* LaunchScreen.storyboard */ = {
			isa = PBXVariantGroup;
			children = (
				A3B1BC0523E3D5B300097D09 /* Base */,
			);
			name = LaunchScreen.storyboard;
			sourceTree = "<group>";
		};
/* End PBXVariantGroup section */

/* Begin XCBuildConfiguration section */
		A3B1BC1E23E3D5B300097D09 /* Debug */ = {
			isa = XCBuildConfiguration;
			buildSettings = {
				ALWAYS_SEARCH_USER_PATHS = NO;
				CLANG_ANALYZER_NONNULL = YES;
				CLANG_ANALYZER_NUMBER_OBJECT_CONVERSION = YES_AGGRESSIVE;
				CLANG_CXX_LANGUAGE_STANDARD = "gnu++14";
				CLANG_CXX_LIBRARY = "libc++";
				CLANG_ENABLE_MODULES = YES;
				CLANG_ENABLE_OBJC_ARC = YES;
				CLANG_ENABLE_OBJC_WEAK = YES;
				CLANG_WARN_BLOCK_CAPTURE_AUTORELEASING = YES;
				CLANG_WARN_BOOL_CONVERSION = YES;
				CLANG_WARN_COMMA = YES;
				CLANG_WARN_CONSTANT_CONVERSION = YES;
				CLANG_WARN_DEPRECATED_OBJC_IMPLEMENTATIONS = YES;
				CLANG_WARN_DIRECT_OBJC_ISA_USAGE = YES_ERROR;
				CLANG_WARN_DOCUMENTATION_COMMENTS = YES;
				CLANG_WARN_EMPTY_BODY = YES;
				CLANG_WARN_ENUM_CONVERSION = YES;
				CLANG_WARN_INFINITE_RECURSION = YES;
				CLANG_WARN_INT_CONVERSION = YES;
				CLANG_WARN_NON_LITERAL_NULL_CONVERSION = YES;
				CLANG_WARN_OBJC_IMPLICIT_RETAIN_SELF = YES;
				CLANG_WARN_OBJC_LITERAL_CONVERSION = YES;
				CLANG_WARN_OBJC_ROOT_CLASS = YES_ERROR;
				CLANG_WARN_RANGE_LOOP_ANALYSIS = YES;
				CLANG_WARN_STRICT_PROTOTYPES = YES;
				CLANG_WARN_SUSPICIOUS_MOVE = YES;
				CLANG_WARN_UNGUARDED_AVAILABILITY = YES_AGGRESSIVE;
				CLANG_WARN_UNREACHABLE_CODE = YES;
				CLANG_WARN__DUPLICATE_METHOD_MATCH = YES;
				COPY_PHASE_STRIP = NO;
				DEBUG_INFORMATION_FORMAT = dwarf;
				ENABLE_STRICT_OBJC_MSGSEND = YES;
				ENABLE_TESTABILITY = YES;
				GCC_C_LANGUAGE_STANDARD = gnu11;
				GCC_DYNAMIC_NO_PIC = NO;
				GCC_NO_COMMON_BLOCKS = YES;
				GCC_OPTIMIZATION_LEVEL = 0;
				GCC_PREPROCESSOR_DEFINITIONS = (
					"DEBUG=1",
					"$(inherited)",
				);
				GCC_WARN_64_TO_32_BIT_CONVERSION = YES;
				GCC_WARN_ABOUT_RETURN_TYPE = YES_ERROR;
				GCC_WARN_UNDECLARED_SELECTOR = YES;
				GCC_WARN_UNINITIALIZED_AUTOS = YES_AGGRESSIVE;
				GCC_WARN_UNUSED_FUNCTION = YES;
				GCC_WARN_UNUSED_VARIABLE = YES;
				IPHONEOS_DEPLOYMENT_TARGET = 13.2;
				MTL_ENABLE_DEBUG_INFO = INCLUDE_SOURCE;
				MTL_FAST_MATH = YES;
				ONLY_ACTIVE_ARCH = YES;
				SDKROOT = iphoneos;
				SWIFT_ACTIVE_COMPILATION_CONDITIONS = DEBUG;
				SWIFT_OPTIMIZATION_LEVEL = "-Onone";
			};
			name = Debug;
		};
		A3B1BC1F23E3D5B300097D09 /* Release */ = {
			isa = XCBuildConfiguration;
			buildSettings = {
				ALWAYS_SEARCH_USER_PATHS = NO;
				CLANG_ANALYZER_NONNULL = YES;
				CLANG_ANALYZER_NUMBER_OBJECT_CONVERSION = YES_AGGRESSIVE;
				CLANG_CXX_LANGUAGE_STANDARD = "gnu++14";
				CLANG_CXX_LIBRARY = "libc++";
				CLANG_ENABLE_MODULES = YES;
				CLANG_ENABLE_OBJC_ARC = YES;
				CLANG_ENABLE_OBJC_WEAK = YES;
				CLANG_WARN_BLOCK_CAPTURE_AUTORELEASING = YES;
				CLANG_WARN_BOOL_CONVERSION = YES;
				CLANG_WARN_COMMA = YES;
				CLANG_WARN_CONSTANT_CONVERSION = YES;
				CLANG_WARN_DEPRECATED_OBJC_IMPLEMENTATIONS = YES;
				CLANG_WARN_DIRECT_OBJC_ISA_USAGE = YES_ERROR;
				CLANG_WARN_DOCUMENTATION_COMMENTS = YES;
				CLANG_WARN_EMPTY_BODY = YES;
				CLANG_WARN_ENUM_CONVERSION = YES;
				CLANG_WARN_INFINITE_RECURSION = YES;
				CLANG_WARN_INT_CONVERSION = YES;
				CLANG_WARN_NON_LITERAL_NULL_CONVERSION = YES;
				CLANG_WARN_OBJC_IMPLICIT_RETAIN_SELF = YES;
				CLANG_WARN_OBJC_LITERAL_CONVERSION = YES;
				CLANG_WARN_OBJC_ROOT_CLASS = YES_ERROR;
				CLANG_WARN_RANGE_LOOP_ANALYSIS = YES;
				CLANG_WARN_STRICT_PROTOTYPES = YES;
				CLANG_WARN_SUSPICIOUS_MOVE = YES;
				CLANG_WARN_UNGUARDED_AVAILABILITY = YES_AGGRESSIVE;
				CLANG_WARN_UNREACHABLE_CODE = YES;
				CLANG_WARN__DUPLICATE_METHOD_MATCH = YES;
				COPY_PHASE_STRIP = NO;
				DEBUG_INFORMATION_FORMAT = "dwarf-with-dsym";
				ENABLE_NS_ASSERTIONS = NO;
				ENABLE_STRICT_OBJC_MSGSEND = YES;
				GCC_C_LANGUAGE_STANDARD = gnu11;
				GCC_NO_COMMON_BLOCKS = YES;
				GCC_WARN_64_TO_32_BIT_CONVERSION = YES;
				GCC_WARN_ABOUT_RETURN_TYPE = YES_ERROR;
				GCC_WARN_UNDECLARED_SELECTOR = YES;
				GCC_WARN_UNINITIALIZED_AUTOS = YES_AGGRESSIVE;
				GCC_WARN_UNUSED_FUNCTION = YES;
				GCC_WARN_UNUSED_VARIABLE = YES;
				IPHONEOS_DEPLOYMENT_TARGET = 13.2;
				MTL_ENABLE_DEBUG_INFO = NO;
				MTL_FAST_MATH = YES;
				SDKROOT = iphoneos;
				SWIFT_COMPILATION_MODE = wholemodule;
				SWIFT_OPTIMIZATION_LEVEL = "-O";
				VALIDATE_PRODUCT = YES;
			};
			name = Release;
		};
		A3B1BC2123E3D5B300097D09 /* Debug */ = {
			isa = XCBuildConfiguration;
			baseConfigurationReference = 7C20F4DB26E6069DB4DFA04D /* Pods-Flix.debug.xcconfig */;
			buildSettings = {
				ASSETCATALOG_COMPILER_APPICON_NAME = AppIcon;
				CODE_SIGN_STYLE = Automatic;
				INFOPLIST_FILE = Flix/Info.plist;
				LD_RUNPATH_SEARCH_PATHS = (
					"$(inherited)",
					"@executable_path/Frameworks",
				);
				PRODUCT_BUNDLE_IDENTIFIER = cst495.Flix;
				PRODUCT_NAME = "$(TARGET_NAME)";
				SWIFT_VERSION = 5.0;
				TARGETED_DEVICE_FAMILY = "1,2";
			};
			name = Debug;
		};
		A3B1BC2223E3D5B300097D09 /* Release */ = {
			isa = XCBuildConfiguration;
			baseConfigurationReference = A7CEB0D478B5803F74008068 /* Pods-Flix.release.xcconfig */;
			buildSettings = {
				ASSETCATALOG_COMPILER_APPICON_NAME = AppIcon;
				CODE_SIGN_STYLE = Automatic;
				INFOPLIST_FILE = Flix/Info.plist;
				LD_RUNPATH_SEARCH_PATHS = (
					"$(inherited)",
					"@executable_path/Frameworks",
				);
				PRODUCT_BUNDLE_IDENTIFIER = cst495.Flix;
				PRODUCT_NAME = "$(TARGET_NAME)";
				SWIFT_VERSION = 5.0;
				TARGETED_DEVICE_FAMILY = "1,2";
			};
			name = Release;
		};
		A3B1BC2423E3D5B300097D09 /* Debug */ = {
			isa = XCBuildConfiguration;
			baseConfigurationReference = EF0BD06D5BA35BBA3E56F4FA /* Pods-FlixTests.debug.xcconfig */;
			buildSettings = {
				ALWAYS_EMBED_SWIFT_STANDARD_LIBRARIES = YES;
				BUNDLE_LOADER = "$(TEST_HOST)";
				CODE_SIGN_STYLE = Automatic;
				INFOPLIST_FILE = FlixTests/Info.plist;
				IPHONEOS_DEPLOYMENT_TARGET = 13.2;
				LD_RUNPATH_SEARCH_PATHS = (
					"$(inherited)",
					"@executable_path/Frameworks",
					"@loader_path/Frameworks",
				);
				PRODUCT_BUNDLE_IDENTIFIER = cst495.FlixTests;
				PRODUCT_NAME = "$(TARGET_NAME)";
				SWIFT_VERSION = 5.0;
				TARGETED_DEVICE_FAMILY = "1,2";
				TEST_HOST = "$(BUILT_PRODUCTS_DIR)/Flix.app/Flix";
			};
			name = Debug;
		};
		A3B1BC2523E3D5B300097D09 /* Release */ = {
			isa = XCBuildConfiguration;
			baseConfigurationReference = AFFBCC7DA976A20ED638ECAB /* Pods-FlixTests.release.xcconfig */;
			buildSettings = {
				ALWAYS_EMBED_SWIFT_STANDARD_LIBRARIES = YES;
				BUNDLE_LOADER = "$(TEST_HOST)";
				CODE_SIGN_STYLE = Automatic;
				INFOPLIST_FILE = FlixTests/Info.plist;
				IPHONEOS_DEPLOYMENT_TARGET = 13.2;
				LD_RUNPATH_SEARCH_PATHS = (
					"$(inherited)",
					"@executable_path/Frameworks",
					"@loader_path/Frameworks",
				);
				PRODUCT_BUNDLE_IDENTIFIER = cst495.FlixTests;
				PRODUCT_NAME = "$(TARGET_NAME)";
				SWIFT_VERSION = 5.0;
				TARGETED_DEVICE_FAMILY = "1,2";
				TEST_HOST = "$(BUILT_PRODUCTS_DIR)/Flix.app/Flix";
			};
			name = Release;
		};
		A3B1BC2723E3D5B300097D09 /* Debug */ = {
			isa = XCBuildConfiguration;
			baseConfigurationReference = AD9F07354246CCB94A3A3D63 /* Pods-Flix-FlixUITests.debug.xcconfig */;
			buildSettings = {
				ALWAYS_EMBED_SWIFT_STANDARD_LIBRARIES = YES;
				CODE_SIGN_STYLE = Automatic;
				INFOPLIST_FILE = FlixUITests/Info.plist;
				LD_RUNPATH_SEARCH_PATHS = (
					"$(inherited)",
					"@executable_path/Frameworks",
					"@loader_path/Frameworks",
				);
				PRODUCT_BUNDLE_IDENTIFIER = cst495.FlixUITests;
				PRODUCT_NAME = "$(TARGET_NAME)";
				SWIFT_VERSION = 5.0;
				TARGETED_DEVICE_FAMILY = "1,2";
				TEST_TARGET_NAME = Flix;
			};
			name = Debug;
		};
		A3B1BC2823E3D5B300097D09 /* Release */ = {
			isa = XCBuildConfiguration;
			baseConfigurationReference = 847A8E99A11C8A3BBC6EF71F /* Pods-Flix-FlixUITests.release.xcconfig */;
			buildSettings = {
				ALWAYS_EMBED_SWIFT_STANDARD_LIBRARIES = YES;
				CODE_SIGN_STYLE = Automatic;
				INFOPLIST_FILE = FlixUITests/Info.plist;
				LD_RUNPATH_SEARCH_PATHS = (
					"$(inherited)",
					"@executable_path/Frameworks",
					"@loader_path/Frameworks",
				);
				PRODUCT_BUNDLE_IDENTIFIER = cst495.FlixUITests;
				PRODUCT_NAME = "$(TARGET_NAME)";
				SWIFT_VERSION = 5.0;
				TARGETED_DEVICE_FAMILY = "1,2";
				TEST_TARGET_NAME = Flix;
			};
			name = Release;
		};
/* End XCBuildConfiguration section */

/* Begin XCConfigurationList section */
		A3B1BBF123E3D5AF00097D09 /* Build configuration list for PBXProject "Flix" */ = {
			isa = XCConfigurationList;
			buildConfigurations = (
				A3B1BC1E23E3D5B300097D09 /* Debug */,
				A3B1BC1F23E3D5B300097D09 /* Release */,
			);
			defaultConfigurationIsVisible = 0;
			defaultConfigurationName = Release;
		};
		A3B1BC2023E3D5B300097D09 /* Build configuration list for PBXNativeTarget "Flix" */ = {
			isa = XCConfigurationList;
			buildConfigurations = (
				A3B1BC2123E3D5B300097D09 /* Debug */,
				A3B1BC2223E3D5B300097D09 /* Release */,
			);
			defaultConfigurationIsVisible = 0;
			defaultConfigurationName = Release;
		};
		A3B1BC2323E3D5B300097D09 /* Build configuration list for PBXNativeTarget "FlixTests" */ = {
			isa = XCConfigurationList;
			buildConfigurations = (
				A3B1BC2423E3D5B300097D09 /* Debug */,
				A3B1BC2523E3D5B300097D09 /* Release */,
			);
			defaultConfigurationIsVisible = 0;
			defaultConfigurationName = Release;
		};
		A3B1BC2623E3D5B300097D09 /* Build configuration list for PBXNativeTarget "FlixUITests" */ = {
			isa = XCConfigurationList;
			buildConfigurations = (
				A3B1BC2723E3D5B300097D09 /* Debug */,
				A3B1BC2823E3D5B300097D09 /* Release */,
			);
			defaultConfigurationIsVisible = 0;
			defaultConfigurationName = Release;
		};
/* End XCConfigurationList section */
	};
	rootObject = A3B1BBEE23E3D5AF00097D09 /* Project object */;
}
